
Microsoft Visual Studio Solution File, Format Version 12.00
# Visual Studio 15
VisualStudioVersion = 15.0.28010.2036
MinimumVisualStudioVersion = 10.0.40219.1
Project("{FAE04EC0-301F-11D3-BF4B-00C04F79EFBC}") = "Test1", "Test1\Test1.csproj", "{016AA9F9-CE4E-4CA6-95DD-EF8B14D94CF7}"
EndProject
Global
	GlobalSection(SolutionConfigurationPlatforms) = preSolution
		Debug|Any CPU = Debug|Any CPU
		Release|Any CPU = Release|Any CPU
	EndGlobalSection
	GlobalSection(ProjectConfigurationPlatforms) = postSolution
		{016AA9F9-CE4E-4CA6-95DD-EF8B14D94CF7}.Debug|Any CPU.ActiveCfg = Debug|Any CPU
		{016AA9F9-CE4E-4CA6-95DD-EF8B14D94CF7}.Debug|Any CPU.Build.0 = Debug|Any CPU
		{016AA9F9-CE4E-4CA6-95DD-EF8B14D94CF7}.Release|Any CPU.ActiveCfg = Release|Any CPU
		{016AA9F9-CE4E-4CA6-95DD-EF8B14D94CF7}.Release|Any CPU.Build.0 = Release|Any CPU
	EndGlobalSection
	GlobalSection(SolutionProperties) = preSolution
		HideSolutionNode = FALSE
	EndGlobalSection
	GlobalSection(ExtensibilityGlobals) = postSolution
		SolutionGuid = {21A31F47-502A-4A19-8D78-A8C6C3BB50E5}
	EndGlobalSection
EndGlobal
